
Microsoft Visual Studio Solution File, Format Version 12.00
# Visual Studio Version 16
VisualStudioVersion = 16.0.29728.190
MinimumVisualStudioVersion = 10.0.40219.1
Project("{FAE04EC0-301F-11D3-BF4B-00C04F79EFBC}") = "Bpoint", "Bpoint\Bpoint.csproj", "{407EF92D-B569-4007-AD74-A4553572A963}"
EndProject
Global
	GlobalSection(SolutionConfigurationPlatforms) = preSolution
		Debug|Any CPU = Debug|Any CPU
		Release|Any CPU = Release|Any CPU
	EndGlobalSection
	GlobalSection(ProjectConfigurationPlatforms) = postSolution
		{407EF92D-B569-4007-AD74-A4553572A963}.Debug|Any CPU.ActiveCfg = Debug|Any CPU
		{407EF92D-B569-4007-AD74-A4553572A963}.Debug|Any CPU.Build.0 = Debug|Any CPU
		{407EF92D-B569-4007-AD74-A4553572A963}.Release|Any CPU.ActiveCfg = Release|Any CPU
		{407EF92D-B569-4007-AD74-A4553572A963}.Release|Any CPU.Build.0 = Release|Any CPU
	EndGlobalSection
	GlobalSection(SolutionProperties) = preSolution
		HideSolutionNode = FALSE
	EndGlobalSection
	GlobalSection(ExtensibilityGlobals) = postSolution
		SolutionGuid = {A90D536C-ECFC-4272-9583-A27E5FB12530}
	EndGlobalSection
EndGlobal
